
Microsoft Visual Studio Solution File, Format Version 12.00
# Visual Studio Version 16
VisualStudioVersion = 16.0.30717.126
MinimumVisualStudioVersion = 10.0.40219.1
Project("{FAE04EC0-301F-11D3-BF4B-00C04F79EFBC}") = "HexMinesweeper", "HexMinesweeper.csproj", "{3B0B6C29-2F84-4A0B-8C75-791BD32AAA95}"
EndProject
Project("{2150E333-8FDC-42A3-9474-1A3956D46DE8}") = "Libs", "Libs", "{56C0511E-CB87-4365-B8EE-691508280EE1}"
EndProject
Project("{9A19103F-16F7-4668-BE54-9A1E7A4F7556}") = "DroneDefenceGame", "..\DroneDefenseGame\DroneDefenceGame.csproj", "{1154EEA6-5261-420B-A31D-FE1673D99CF8}"
EndProject
Global
	GlobalSection(SolutionConfigurationPlatforms) = preSolution
		Debug|Any CPU = Debug|Any CPU
		Release|Any CPU = Release|Any CPU
	EndGlobalSection
	GlobalSection(ProjectConfigurationPlatforms) = postSolution
		{3B0B6C29-2F84-4A0B-8C75-791BD32AAA95}.Debug|Any CPU.ActiveCfg = Debug|Any CPU
		{3B0B6C29-2F84-4A0B-8C75-791BD32AAA95}.Debug|Any CPU.Build.0 = Debug|Any CPU
		{3B0B6C29-2F84-4A0B-8C75-791BD32AAA95}.Release|Any CPU.ActiveCfg = Release|Any CPU
		{3B0B6C29-2F84-4A0B-8C75-791BD32AAA95}.Release|Any CPU.Build.0 = Release|Any CPU
		{1154EEA6-5261-420B-A31D-FE1673D99CF8}.Debug|Any CPU.ActiveCfg = Debug|Any CPU
		{1154EEA6-5261-420B-A31D-FE1673D99CF8}.Debug|Any CPU.Build.0 = Debug|Any CPU
		{1154EEA6-5261-420B-A31D-FE1673D99CF8}.Release|Any CPU.ActiveCfg = Release|Any CPU
		{1154EEA6-5261-420B-A31D-FE1673D99CF8}.Release|Any CPU.Build.0 = Release|Any CPU
	EndGlobalSection
	GlobalSection(SolutionProperties) = preSolution
		HideSolutionNode = FALSE
	EndGlobalSection
	GlobalSection(NestedProjects) = preSolution
		{1154EEA6-5261-420B-A31D-FE1673D99CF8} = {56C0511E-CB87-4365-B8EE-691508280EE1}
	EndGlobalSection
	GlobalSection(ExtensibilityGlobals) = postSolution
		SolutionGuid = {4EF111B2-4FB1-46C1-8D3B-4AF4C618900F}
	EndGlobalSection
EndGlobal
